
Microsoft Visual Studio Solution File, Format Version 12.00
# Visual Studio Version 16
VisualStudioVersion = 16.0.30709.132
MinimumVisualStudioVersion = 10.0.40219.1
Project("{9A19103F-16F7-4668-BE54-9A1E7A4F7556}") = "EventAdmin.DAL", "EventAdmin.DAL\EventAdmin.DAL.csproj", "{70056D35-8CFE-4DA3-9907-A4070ED515FA}"
EndProject
Project("{9A19103F-16F7-4668-BE54-9A1E7A4F7556}") = "EventAdmin.BL", "EventAdmin.BL\EventAdmin.BL.csproj", "{6EDECFD5-F371-4687-96DF-15449638565F}"
EndProject
Project("{FAE04EC0-301F-11D3-BF4B-00C04F79EFBC}") = "EventAdmin.PL", "EventAdmin.PL\EventAdmin.PL.csproj", "{3C1FABE0-8499-4635-A19A-7D5487731E2B}"
EndProject
Global
	GlobalSection(SolutionConfigurationPlatforms) = preSolution
		Debug|Any CPU = Debug|Any CPU
		Release|Any CPU = Release|Any CPU
	EndGlobalSection
	GlobalSection(ProjectConfigurationPlatforms) = postSolution
		{70056D35-8CFE-4DA3-9907-A4070ED515FA}.Debug|Any CPU.ActiveCfg = Debug|Any CPU
		{70056D35-8CFE-4DA3-9907-A4070ED515FA}.Debug|Any CPU.Build.0 = Debug|Any CPU
		{70056D35-8CFE-4DA3-9907-A4070ED515FA}.Release|Any CPU.ActiveCfg = Release|Any CPU
		{70056D35-8CFE-4DA3-9907-A4070ED515FA}.Release|Any CPU.Build.0 = Release|Any CPU
		{6EDECFD5-F371-4687-96DF-15449638565F}.Debug|Any CPU.ActiveCfg = Debug|Any CPU
		{6EDECFD5-F371-4687-96DF-15449638565F}.Debug|Any CPU.Build.0 = Debug|Any CPU
		{6EDECFD5-F371-4687-96DF-15449638565F}.Release|Any CPU.ActiveCfg = Release|Any CPU
		{6EDECFD5-F371-4687-96DF-15449638565F}.Release|Any CPU.Build.0 = Release|Any CPU
		{3C1FABE0-8499-4635-A19A-7D5487731E2B}.Debug|Any CPU.ActiveCfg = Debug|Any CPU
		{3C1FABE0-8499-4635-A19A-7D5487731E2B}.Debug|Any CPU.Build.0 = Debug|Any CPU
		{3C1FABE0-8499-4635-A19A-7D5487731E2B}.Release|Any CPU.ActiveCfg = Release|Any CPU
		{3C1FABE0-8499-4635-A19A-7D5487731E2B}.Release|Any CPU.Build.0 = Release|Any CPU
	EndGlobalSection
	GlobalSection(SolutionProperties) = preSolution
		HideSolutionNode = FALSE
	EndGlobalSection
	GlobalSection(ExtensibilityGlobals) = postSolution
		SolutionGuid = {A4A4E089-8DD8-407E-A263-B755D9380FD7}
	EndGlobalSection
EndGlobal
